
Microsoft Visual Studio Solution File, Format Version 10.00
# Visual Studio 2008
Project("{FAE04EC0-301F-11D3-BF4B-00C04F79EFBC}") = "WPFMessengerSeg", "WPFMessenger\WPFMessengerSeg.csproj", "{3CA114D9-805E-4E7A-9E33-EAB4A17EACC0}"
EndProject
Project("{FAE04EC0-301F-11D3-BF4B-00C04F79EFBC}") = "WPFMessengerServer", "WPFMessengerServer\WPFMessengerServer.csproj", "{719B8F8B-9F93-4CCC-B193-51E21B62D1AB}"
EndProject
Project("{FAE04EC0-301F-11D3-BF4B-00C04F79EFBC}") = "Atividade01", "AtividadesAula\Atividade01.csproj", "{24C8D62D-EC2A-4A01-A235-19A7C6967BDE}"
EndProject
Project("{FAE04EC0-301F-11D3-BF4B-00C04F79EFBC}") = "MessengerLib", "MessengerLib\MessengerLib.csproj", "{640A7499-5ED4-427A-968D-2E42D13DE224}"
EndProject
Global
	GlobalSection(SolutionConfigurationPlatforms) = preSolution
		Debug|Any CPU = Debug|Any CPU
		Release|Any CPU = Release|Any CPU
	EndGlobalSection
	GlobalSection(ProjectConfigurationPlatforms) = postSolution
		{3CA114D9-805E-4E7A-9E33-EAB4A17EACC0}.Debug|Any CPU.ActiveCfg = Debug|Any CPU
		{3CA114D9-805E-4E7A-9E33-EAB4A17EACC0}.Debug|Any CPU.Build.0 = Debug|Any CPU
		{3CA114D9-805E-4E7A-9E33-EAB4A17EACC0}.Release|Any CPU.ActiveCfg = Release|Any CPU
		{3CA114D9-805E-4E7A-9E33-EAB4A17EACC0}.Release|Any CPU.Build.0 = Release|Any CPU
		{719B8F8B-9F93-4CCC-B193-51E21B62D1AB}.Debug|Any CPU.ActiveCfg = Debug|Any CPU
		{719B8F8B-9F93-4CCC-B193-51E21B62D1AB}.Debug|Any CPU.Build.0 = Debug|Any CPU
		{719B8F8B-9F93-4CCC-B193-51E21B62D1AB}.Release|Any CPU.ActiveCfg = Release|Any CPU
		{719B8F8B-9F93-4CCC-B193-51E21B62D1AB}.Release|Any CPU.Build.0 = Release|Any CPU
		{24C8D62D-EC2A-4A01-A235-19A7C6967BDE}.Debug|Any CPU.ActiveCfg = Debug|Any CPU
		{24C8D62D-EC2A-4A01-A235-19A7C6967BDE}.Debug|Any CPU.Build.0 = Debug|Any CPU
		{24C8D62D-EC2A-4A01-A235-19A7C6967BDE}.Release|Any CPU.ActiveCfg = Release|Any CPU
		{24C8D62D-EC2A-4A01-A235-19A7C6967BDE}.Release|Any CPU.Build.0 = Release|Any CPU
		{640A7499-5ED4-427A-968D-2E42D13DE224}.Debug|Any CPU.ActiveCfg = Debug|Any CPU
		{640A7499-5ED4-427A-968D-2E42D13DE224}.Debug|Any CPU.Build.0 = Debug|Any CPU
		{640A7499-5ED4-427A-968D-2E42D13DE224}.Release|Any CPU.ActiveCfg = Release|Any CPU
		{640A7499-5ED4-427A-968D-2E42D13DE224}.Release|Any CPU.Build.0 = Release|Any CPU
	EndGlobalSection
	GlobalSection(SolutionProperties) = preSolution
		HideSolutionNode = FALSE
	EndGlobalSection
	GlobalSection(ExtensibilityGlobals) = postSolution
		VisualSVNWorkingCopyRoot = .
	EndGlobalSection
EndGlobal
